
Microsoft Visual Studio Solution File, Format Version 12.00
# Visual Studio Version 17
VisualStudioVersion = 17.8.34525.116
MinimumVisualStudioVersion = 10.0.40219.1
Project("{FAE04EC0-301F-11D3-BF4B-00C04F79EFBC}") = "OtusMultiThreadProjectHomeWork", "OtusMultiThreadProjectHomeWork\OtusMultiThreadProjectHomeWork.csproj", "{07A15594-E8DF-45F2-9B4A-98CBB3BF3162}"
EndProject
Global
	GlobalSection(SolutionConfigurationPlatforms) = preSolution
		Debug|Any CPU = Debug|Any CPU
		Release|Any CPU = Release|Any CPU
	EndGlobalSection
	GlobalSection(ProjectConfigurationPlatforms) = postSolution
		{07A15594-E8DF-45F2-9B4A-98CBB3BF3162}.Debug|Any CPU.ActiveCfg = Debug|Any CPU
		{07A15594-E8DF-45F2-9B4A-98CBB3BF3162}.Debug|Any CPU.Build.0 = Debug|Any CPU
		{07A15594-E8DF-45F2-9B4A-98CBB3BF3162}.Release|Any CPU.ActiveCfg = Release|Any CPU
		{07A15594-E8DF-45F2-9B4A-98CBB3BF3162}.Release|Any CPU.Build.0 = Release|Any CPU
	EndGlobalSection
	GlobalSection(SolutionProperties) = preSolution
		HideSolutionNode = FALSE
	EndGlobalSection
	GlobalSection(ExtensibilityGlobals) = postSolution
		SolutionGuid = {84D5DD93-3776-479D-B0C3-7C9E64E3A5A2}
	EndGlobalSection
EndGlobal
